github.com/karalabe/hid v1.0.0 h1:+/CIMNXhSU/zIJgnIvBD2nKHxS/bnRHhhs9xBryLpPo=
github.com/karalabe/hid v1.0.0/go.mod h1:Vr51f8rUOLYrfrWDFlV12GGQgM5AT8sVh+2fY4MPeu8=
github.com/sstallion/go-hid v0.14.1 h1:shbZlKqv5fr1KnxwqtLEPGkOoA6OSUWTx9TblegATvc=
github.com/sstallion/go-hid v0.14.1/go.mod h1:fPKp4rqx0xuoTV94gwKojsPG++KNKhxuU88goGuGM7I=
github.com/sstallion/go-tools v1.0.1/go.mod h1:y3Rklut4T6cPLmNkaU0obckQpnVSSvAZlB2N87qgUtg=
golang.org/x/sys v0.8.0 h1:EBmGv8NaZBZTWvrbjNoL6HVt+IVy3QDQpJs7VRIw3tU=
golang.org/x/sys v0.8.0/go.mod h1:oPkhp1MJrh7nUepCBck5+mAzfO9JrbApNNgaTdGDITg=
